
Microsoft Visual Studio Solution File, Format Version 12.00
# Visual Studio Version 17
VisualStudioVersion = 17.0.31903.59
MinimumVisualStudioVersion = 10.0.40219.1
Project("{FAE04EC0-301F-11D3-BF4B-00C04F79EFBC}") = "RoverMissionPlanner.API", "RoverMissionPlanner.API\RoverMissionPlanner.API.csproj", "{C6CDCA57-9009-4402-945F-80A32648CCBD}"
EndProject
Project("{FAE04EC0-301F-11D3-BF4B-00C04F79EFBC}") = "RoverMissionPlanner.Application", "RoverMissionPlanner.Application\RoverMissionPlanner.Application.csproj", "{F06BCA92-DF93-4580-B229-006D7D171DF7}"
EndProject
Project("{FAE04EC0-301F-11D3-BF4B-00C04F79EFBC}") = "RoverMissionPlanner.Domain", "RoverMissionPlanner.Domain\RoverMissionPlanner.Domain.csproj", "{99F1E25B-73A6-4D07-8072-7FFEB65AECD5}"
EndProject
Project("{FAE04EC0-301F-11D3-BF4B-00C04F79EFBC}") = "RoverMissionPlanner.Infrastructure", "RoverMissionPlanner.Infrastructure\RoverMissionPlanner.Infrastructure.csproj", "{9543E94F-6BA7-422B-8EEB-8885C2AE28DD}"
EndProject
Project("{FAE04EC0-301F-11D3-BF4B-00C04F79EFBC}") = "RoverMissionPlanner.Tests", "RoverMissionPlanner.Tests\RoverMissionPlanner.Tests.csproj", "{078E0DAE-A424-4F2A-8E12-79CB0E3710D0}"
EndProject
Global
	GlobalSection(SolutionConfigurationPlatforms) = preSolution
		Debug|Any CPU = Debug|Any CPU
		Debug|x64 = Debug|x64
		Debug|x86 = Debug|x86
		Release|Any CPU = Release|Any CPU
		Release|x64 = Release|x64
		Release|x86 = Release|x86
	EndGlobalSection
	GlobalSection(ProjectConfigurationPlatforms) = postSolution
		{C6CDCA57-9009-4402-945F-80A32648CCBD}.Debug|Any CPU.ActiveCfg = Debug|Any CPU
		{C6CDCA57-9009-4402-945F-80A32648CCBD}.Debug|Any CPU.Build.0 = Debug|Any CPU
		{C6CDCA57-9009-4402-945F-80A32648CCBD}.Debug|x64.ActiveCfg = Debug|Any CPU
		{C6CDCA57-9009-4402-945F-80A32648CCBD}.Debug|x64.Build.0 = Debug|Any CPU
		{C6CDCA57-9009-4402-945F-80A32648CCBD}.Debug|x86.ActiveCfg = Debug|Any CPU
		{C6CDCA57-9009-4402-945F-80A32648CCBD}.Debug|x86.Build.0 = Debug|Any CPU
		{C6CDCA57-9009-4402-945F-80A32648CCBD}.Release|Any CPU.ActiveCfg = Release|Any CPU
		{C6CDCA57-9009-4402-945F-80A32648CCBD}.Release|Any CPU.Build.0 = Release|Any CPU
		{C6CDCA57-9009-4402-945F-80A32648CCBD}.Release|x64.ActiveCfg = Release|Any CPU
		{C6CDCA57-9009-4402-945F-80A32648CCBD}.Release|x64.Build.0 = Release|Any CPU
		{C6CDCA57-9009-4402-945F-80A32648CCBD}.Release|x86.ActiveCfg = Release|Any CPU
		{C6CDCA57-9009-4402-945F-80A32648CCBD}.Release|x86.Build.0 = Release|Any CPU
		{F06BCA92-DF93-4580-B229-006D7D171DF7}.Debug|Any CPU.ActiveCfg = Debug|Any CPU
		{F06BCA92-DF93-4580-B229-006D7D171DF7}.Debug|Any CPU.Build.0 = Debug|Any CPU
		{F06BCA92-DF93-4580-B229-006D7D171DF7}.Debug|x64.ActiveCfg = Debug|Any CPU
		{F06BCA92-DF93-4580-B229-006D7D171DF7}.Debug|x64.Build.0 = Debug|Any CPU
		{F06BCA92-DF93-4580-B229-006D7D171DF7}.Debug|x86.ActiveCfg = Debug|Any CPU
		{F06BCA92-DF93-4580-B229-006D7D171DF7}.Debug|x86.Build.0 = Debug|Any CPU
		{F06BCA92-DF93-4580-B229-006D7D171DF7}.Release|Any CPU.ActiveCfg = Release|Any CPU
		{F06BCA92-DF93-4580-B229-006D7D171DF7}.Release|Any CPU.Build.0 = Release|Any CPU
		{F06BCA92-DF93-4580-B229-006D7D171DF7}.Release|x64.ActiveCfg = Release|Any CPU
		{F06BCA92-DF93-4580-B229-006D7D171DF7}.Release|x64.Build.0 = Release|Any CPU
		{F06BCA92-DF93-4580-B229-006D7D171DF7}.Release|x86.ActiveCfg = Release|Any CPU
		{F06BCA92-DF93-4580-B229-006D7D171DF7}.Release|x86.Build.0 = Release|Any CPU
		{99F1E25B-73A6-4D07-8072-7FFEB65AECD5}.Debug|Any CPU.ActiveCfg = Debug|Any CPU
		{99F1E25B-73A6-4D07-8072-7FFEB65AECD5}.Debug|Any CPU.Build.0 = Debug|Any CPU
		{99F1E25B-73A6-4D07-8072-7FFEB65AECD5}.Debug|x64.ActiveCfg = Debug|Any CPU
		{99F1E25B-73A6-4D07-8072-7FFEB65AECD5}.Debug|x64.Build.0 = Debug|Any CPU
		{99F1E25B-73A6-4D07-8072-7FFEB65AECD5}.Debug|x86.ActiveCfg = Debug|Any CPU
		{99F1E25B-73A6-4D07-8072-7FFEB65AECD5}.Debug|x86.Build.0 = Debug|Any CPU
		{99F1E25B-73A6-4D07-8072-7FFEB65AECD5}.Release|Any CPU.ActiveCfg = Release|Any CPU
		{99F1E25B-73A6-4D07-8072-7FFEB65AECD5}.Release|Any CPU.Build.0 = Release|Any CPU
		{99F1E25B-73A6-4D07-8072-7FFEB65AECD5}.Release|x64.ActiveCfg = Release|Any CPU
		{99F1E25B-73A6-4D07-8072-7FFEB65AECD5}.Release|x64.Build.0 = Release|Any CPU
		{99F1E25B-73A6-4D07-8072-7FFEB65AECD5}.Release|x86.ActiveCfg = Release|Any CPU
		{99F1E25B-73A6-4D07-8072-7FFEB65AECD5}.Release|x86.Build.0 = Release|Any CPU
		{9543E94F-6BA7-422B-8EEB-8885C2AE28DD}.Debug|Any CPU.ActiveCfg = Debug|Any CPU
		{9543E94F-6BA7-422B-8EEB-8885C2AE28DD}.Debug|Any CPU.Build.0 = Debug|Any CPU
		{9543E94F-6BA7-422B-8EEB-8885C2AE28DD}.Debug|x64.ActiveCfg = Debug|Any CPU
		{9543E94F-6BA7-422B-8EEB-8885C2AE28DD}.Debug|x64.Build.0 = Debug|Any CPU
		{9543E94F-6BA7-422B-8EEB-8885C2AE28DD}.Debug|x86.ActiveCfg = Debug|Any CPU
		{9543E94F-6BA7-422B-8EEB-8885C2AE28DD}.Debug|x86.Build.0 = Debug|Any CPU
		{9543E94F-6BA7-422B-8EEB-8885C2AE28DD}.Release|Any CPU.ActiveCfg = Release|Any CPU
		{9543E94F-6BA7-422B-8EEB-8885C2AE28DD}.Release|Any CPU.Build.0 = Release|Any CPU
		{9543E94F-6BA7-422B-8EEB-8885C2AE28DD}.Release|x64.ActiveCfg = Release|Any CPU
		{9543E94F-6BA7-422B-8EEB-8885C2AE28DD}.Release|x64.Build.0 = Release|Any CPU
		{9543E94F-6BA7-422B-8EEB-8885C2AE28DD}.Release|x86.ActiveCfg = Release|Any CPU
		{9543E94F-6BA7-422B-8EEB-8885C2AE28DD}.Release|x86.Build.0 = Release|Any CPU
		{078E0DAE-A424-4F2A-8E12-79CB0E3710D0}.Debug|Any CPU.ActiveCfg = Debug|Any CPU
		{078E0DAE-A424-4F2A-8E12-79CB0E3710D0}.Debug|Any CPU.Build.0 = Debug|Any CPU
		{078E0DAE-A424-4F2A-8E12-79CB0E3710D0}.Debug|x64.ActiveCfg = Debug|Any CPU
		{078E0DAE-A424-4F2A-8E12-79CB0E3710D0}.Debug|x64.Build.0 = Debug|Any CPU
		{078E0DAE-A424-4F2A-8E12-79CB0E3710D0}.Debug|x86.ActiveCfg = Debug|Any CPU
		{078E0DAE-A424-4F2A-8E12-79CB0E3710D0}.Debug|x86.Build.0 = Debug|Any CPU
		{078E0DAE-A424-4F2A-8E12-79CB0E3710D0}.Release|Any CPU.ActiveCfg = Release|Any CPU
		{078E0DAE-A424-4F2A-8E12-79CB0E3710D0}.Release|Any CPU.Build.0 = Release|Any CPU
		{078E0DAE-A424-4F2A-8E12-79CB0E3710D0}.Release|x64.ActiveCfg = Release|Any CPU
		{078E0DAE-A424-4F2A-8E12-79CB0E3710D0}.Release|x64.Build.0 = Release|Any CPU
		{078E0DAE-A424-4F2A-8E12-79CB0E3710D0}.Release|x86.ActiveCfg = Release|Any CPU
		{078E0DAE-A424-4F2A-8E12-79CB0E3710D0}.Release|x86.Build.0 = Release|Any CPU
	EndGlobalSection
	GlobalSection(SolutionProperties) = preSolution
		HideSolutionNode = FALSE
	EndGlobalSection
EndGlobal
